
Microsoft Visual Studio Solution File, Format Version 12.00
# Visual Studio Version 16
VisualStudioVersion = 16.0.30517.126
MinimumVisualStudioVersion = 10.0.40219.1
Project("{2150E333-8FDC-42A3-9474-1A3956D46DE8}") = "Shared", "Shared", "{76A7CEA5-8C69-4E35-95B4-8E0C0AC926E3}"
EndProject
Project("{2150E333-8FDC-42A3-9474-1A3956D46DE8}") = "Domain", "Domain", "{9F6035A0-3AA0-4FC2-970D-81E23BE56397}"
EndProject
Project("{9A19103F-16F7-4668-BE54-9A1E7A4F7556}") = "Bigai.Holidays.Shared.Domain", "src\shared\Bigai.Holidays.Shared.Domain\Bigai.Holidays.Shared.Domain.csproj", "{A7D79EF5-C3D2-41D3-9BA7-410E2202720C}"
EndProject
Project("{2150E333-8FDC-42A3-9474-1A3956D46DE8}") = "Infra", "Infra", "{2B4F30A5-13A5-4DB7-B06A-0658DA6BE71C}"
EndProject
Project("{2150E333-8FDC-42A3-9474-1A3956D46DE8}") = "CrossCutting", "CrossCutting", "{ADAC1500-EFAF-4C53-A760-71DF5D9506AF}"
EndProject
Project("{9A19103F-16F7-4668-BE54-9A1E7A4F7556}") = "Bigai.Holidays.Shared.Infra.CrossCutting", "src\shared\Bigai.Holidays.Shared.Infra.CrossCutting\Bigai.Holidays.Shared.Infra.CrossCutting.csproj", "{0A6F5507-E983-4880-A7FB-E59380CAE96F}"
EndProject
Project("{2150E333-8FDC-42A3-9474-1A3956D46DE8}") = "Core", "Core", "{90F2824A-C0BD-42A4-8CA2-F7061EFE09DF}"
EndProject
Project("{2150E333-8FDC-42A3-9474-1A3956D46DE8}") = "Domain", "Domain", "{8A7303DE-18D6-46DB-A0EF-7E9596A0A16D}"
EndProject
Project("{9A19103F-16F7-4668-BE54-9A1E7A4F7556}") = "Bigai.Holidays.Core.Domain", "src\core\Bigai.Holidays.Core.Domain\Bigai.Holidays.Core.Domain.csproj", "{E1E079CA-90A6-4361-87A1-0AB9C944D86F}"
EndProject
Project("{9A19103F-16F7-4668-BE54-9A1E7A4F7556}") = "Bigai.Holidays.Core.Domain.Tests", "tests\core\Bigai.Holidays.Core.Domain.Tests\Bigai.Holidays.Core.Domain.Tests.csproj", "{08530998-19C6-43FF-ADC9-B6E81C2D7382}"
EndProject
Project("{2150E333-8FDC-42A3-9474-1A3956D46DE8}") = "Infra", "Infra", "{6832C9E6-6D66-4704-9F10-A795F24F1EA8}"
EndProject
Project("{2150E333-8FDC-42A3-9474-1A3956D46DE8}") = "Data", "Data", "{0CACDFA8-173D-4C9E-A393-1BEA38C0313B}"
EndProject
Project("{9A19103F-16F7-4668-BE54-9A1E7A4F7556}") = "Bigai.Holidays.Core.Infra.Data", "src\core\Bigai.Holidays.Core.Infra.Data\Bigai.Holidays.Core.Infra.Data.csproj", "{F412253B-3E89-4F20-B9BA-AFDB1E5206A5}"
EndProject
Project("{2150E333-8FDC-42A3-9474-1A3956D46DE8}") = "CrossCutting", "CrossCutting", "{66EFE5CD-0F10-4C09-ABF6-65EA05741000}"
EndProject
Project("{9A19103F-16F7-4668-BE54-9A1E7A4F7556}") = "Bigai.Holidays.Core.Infra.CrossCutting.IoC", "src\core\Bigai.Holidays.Core.Infra.CrossCutting.IoC\Bigai.Holidays.Core.Infra.CrossCutting.IoC.csproj", "{3BA28D04-1F6E-4299-981F-0FC769175448}"
EndProject
Project("{2150E333-8FDC-42A3-9474-1A3956D46DE8}") = "Services", "Services", "{12D94369-228C-4F8C-B917-84AC450295FF}"
EndProject
Project("{FAE04EC0-301F-11D3-BF4B-00C04F79EFBC}") = "Bigai.Holidays.Core.Services.Api", "src\core\Bigai.Holidays.Core.Services.Api\Bigai.Holidays.Core.Services.Api.csproj", "{24D82C7D-F741-479C-84EA-4020F22CBE2B}"
EndProject
Global
	GlobalSection(SolutionConfigurationPlatforms) = preSolution
		Debug|Any CPU = Debug|Any CPU
		Release|Any CPU = Release|Any CPU
	EndGlobalSection
	GlobalSection(ProjectConfigurationPlatforms) = postSolution
		{A7D79EF5-C3D2-41D3-9BA7-410E2202720C}.Debug|Any CPU.ActiveCfg = Debug|Any CPU
		{A7D79EF5-C3D2-41D3-9BA7-410E2202720C}.Debug|Any CPU.Build.0 = Debug|Any CPU
		{A7D79EF5-C3D2-41D3-9BA7-410E2202720C}.Release|Any CPU.ActiveCfg = Release|Any CPU
		{A7D79EF5-C3D2-41D3-9BA7-410E2202720C}.Release|Any CPU.Build.0 = Release|Any CPU
		{0A6F5507-E983-4880-A7FB-E59380CAE96F}.Debug|Any CPU.ActiveCfg = Debug|Any CPU
		{0A6F5507-E983-4880-A7FB-E59380CAE96F}.Debug|Any CPU.Build.0 = Debug|Any CPU
		{0A6F5507-E983-4880-A7FB-E59380CAE96F}.Release|Any CPU.ActiveCfg = Release|Any CPU
		{0A6F5507-E983-4880-A7FB-E59380CAE96F}.Release|Any CPU.Build.0 = Release|Any CPU
		{E1E079CA-90A6-4361-87A1-0AB9C944D86F}.Debug|Any CPU.ActiveCfg = Debug|Any CPU
		{E1E079CA-90A6-4361-87A1-0AB9C944D86F}.Debug|Any CPU.Build.0 = Debug|Any CPU
		{E1E079CA-90A6-4361-87A1-0AB9C944D86F}.Release|Any CPU.ActiveCfg = Release|Any CPU
		{E1E079CA-90A6-4361-87A1-0AB9C944D86F}.Release|Any CPU.Build.0 = Release|Any CPU
		{08530998-19C6-43FF-ADC9-B6E81C2D7382}.Debug|Any CPU.ActiveCfg = Debug|Any CPU
		{08530998-19C6-43FF-ADC9-B6E81C2D7382}.Debug|Any CPU.Build.0 = Debug|Any CPU
		{08530998-19C6-43FF-ADC9-B6E81C2D7382}.Release|Any CPU.ActiveCfg = Release|Any CPU
		{08530998-19C6-43FF-ADC9-B6E81C2D7382}.Release|Any CPU.Build.0 = Release|Any CPU
		{F412253B-3E89-4F20-B9BA-AFDB1E5206A5}.Debug|Any CPU.ActiveCfg = Debug|Any CPU
		{F412253B-3E89-4F20-B9BA-AFDB1E5206A5}.Debug|Any CPU.Build.0 = Debug|Any CPU
		{F412253B-3E89-4F20-B9BA-AFDB1E5206A5}.Release|Any CPU.ActiveCfg = Release|Any CPU
		{F412253B-3E89-4F20-B9BA-AFDB1E5206A5}.Release|Any CPU.Build.0 = Release|Any CPU
		{3BA28D04-1F6E-4299-981F-0FC769175448}.Debug|Any CPU.ActiveCfg = Debug|Any CPU
		{3BA28D04-1F6E-4299-981F-0FC769175448}.Debug|Any CPU.Build.0 = Debug|Any CPU
		{3BA28D04-1F6E-4299-981F-0FC769175448}.Release|Any CPU.ActiveCfg = Release|Any CPU
		{3BA28D04-1F6E-4299-981F-0FC769175448}.Release|Any CPU.Build.0 = Release|Any CPU
		{24D82C7D-F741-479C-84EA-4020F22CBE2B}.Debug|Any CPU.ActiveCfg = Debug|Any CPU
		{24D82C7D-F741-479C-84EA-4020F22CBE2B}.Debug|Any CPU.Build.0 = Debug|Any CPU
		{24D82C7D-F741-479C-84EA-4020F22CBE2B}.Release|Any CPU.ActiveCfg = Release|Any CPU
		{24D82C7D-F741-479C-84EA-4020F22CBE2B}.Release|Any CPU.Build.0 = Release|Any CPU
	EndGlobalSection
	GlobalSection(SolutionProperties) = preSolution
		HideSolutionNode = FALSE
	EndGlobalSection
	GlobalSection(NestedProjects) = preSolution
		{9F6035A0-3AA0-4FC2-970D-81E23BE56397} = {76A7CEA5-8C69-4E35-95B4-8E0C0AC926E3}
		{A7D79EF5-C3D2-41D3-9BA7-410E2202720C} = {9F6035A0-3AA0-4FC2-970D-81E23BE56397}
		{2B4F30A5-13A5-4DB7-B06A-0658DA6BE71C} = {76A7CEA5-8C69-4E35-95B4-8E0C0AC926E3}
		{ADAC1500-EFAF-4C53-A760-71DF5D9506AF} = {2B4F30A5-13A5-4DB7-B06A-0658DA6BE71C}
		{0A6F5507-E983-4880-A7FB-E59380CAE96F} = {ADAC1500-EFAF-4C53-A760-71DF5D9506AF}
		{8A7303DE-18D6-46DB-A0EF-7E9596A0A16D} = {90F2824A-C0BD-42A4-8CA2-F7061EFE09DF}
		{E1E079CA-90A6-4361-87A1-0AB9C944D86F} = {8A7303DE-18D6-46DB-A0EF-7E9596A0A16D}
		{08530998-19C6-43FF-ADC9-B6E81C2D7382} = {8A7303DE-18D6-46DB-A0EF-7E9596A0A16D}
		{6832C9E6-6D66-4704-9F10-A795F24F1EA8} = {90F2824A-C0BD-42A4-8CA2-F7061EFE09DF}
		{0CACDFA8-173D-4C9E-A393-1BEA38C0313B} = {6832C9E6-6D66-4704-9F10-A795F24F1EA8}
		{F412253B-3E89-4F20-B9BA-AFDB1E5206A5} = {0CACDFA8-173D-4C9E-A393-1BEA38C0313B}
		{66EFE5CD-0F10-4C09-ABF6-65EA05741000} = {6832C9E6-6D66-4704-9F10-A795F24F1EA8}
		{3BA28D04-1F6E-4299-981F-0FC769175448} = {66EFE5CD-0F10-4C09-ABF6-65EA05741000}
		{12D94369-228C-4F8C-B917-84AC450295FF} = {90F2824A-C0BD-42A4-8CA2-F7061EFE09DF}
		{24D82C7D-F741-479C-84EA-4020F22CBE2B} = {12D94369-228C-4F8C-B917-84AC450295FF}
	EndGlobalSection
	GlobalSection(ExtensibilityGlobals) = postSolution
		SolutionGuid = {CFC266C3-1F1B-44D6-8610-979F556384A9}
	EndGlobalSection
EndGlobal
